github.com/ma-vin/testutil-go v1.0.0 h1:z7N9VjoyQWyK5Q4AfCzaRxZ/xLHSsVTj73vSNsSEw80=
github.com/ma-vin/testutil-go v1.0.0/go.mod h1:XAlOgbmqEx+qq5r6Za0H0gjZwbq7Tkbu7tpibE0P7DQ=
github.com/ma-vin/testutil-go v1.2.0 h1:mAUOo0BmTnPsxKQAgyWlsLNpsLZlQtu0GM3lDjYFKS8=
github.com/ma-vin/testutil-go v1.2.0/go.mod h1:GLVEEIs+LFFIKurjMGBwA2k6XexLMDuXP00nAUje8b4=
github.com/ma-vin/typewriter v1.0.0 h1:4Nk62zPya0RxLzRAOke5IbJBrOUMXpT61fc9ZSaylPA=
github.com/ma-vin/typewriter v1.0.0/go.mod h1:IFwMHCcshhaUGuIUqDPHFNUNX6ju9Kc8JCofuokB52I=
github.com/ma-vin/typewriter v1.3.0 h1:G/on/Be8phzh22r6KaCgGQFZqA07PFX5PVtHnP9Tf1Y=
github.com/ma-vin/typewriter v1.3.0/go.mod h1:btldNtHw3Xufx+1Ac8VbnMYiupGTh+6Wa2NBidf3jdk=
